
Microsoft Visual Studio Solution File, Format Version 12.00
# Visual Studio Version 17
VisualStudioVersion = 17.3.32611.2
MinimumVisualStudioVersion = 10.0.40219.1
Project("{9A19103F-16F7-4668-BE54-9A1E7A4F7556}") = "Vehicle.App.Domain", "src\Vehicle.App.Domain\Vehicle.App.Domain.csproj", "{554AD327-6DBA-4F8F-96F8-81CE7A0C863F}"
EndProject
Project("{9A19103F-16F7-4668-BE54-9A1E7A4F7556}") = "FileManagement.TestBase", "modules\FileManagement\test\FileManagement.TestBase\FileManagement.TestBase.csproj", "{94BF4431-C4CA-4D21-912C-4477FFC1B619}"
EndProject
Project("{9A19103F-16F7-4668-BE54-9A1E7A4F7556}") = "FileManagement.HttpApi.Client.ConsoleTestApp", "modules\FileManagement\test\FileManagement.HttpApi.Client.ConsoleTestApp\FileManagement.HttpApi.Client.ConsoleTestApp.csproj", "{C462EBEF-5726-49A4-B16F-8590684CFAEA}"
EndProject
Project("{9A19103F-16F7-4668-BE54-9A1E7A4F7556}") = "FileManagement.EntityFrameworkCore.Tests", "modules\FileManagement\test\FileManagement.EntityFrameworkCore.Tests\FileManagement.EntityFrameworkCore.Tests.csproj", "{84C4C7E2-6AD4-44CC-8E8B-F2D86ABB81E3}"
EndProject
Project("{9A19103F-16F7-4668-BE54-9A1E7A4F7556}") = "FileManagement.Domain.Tests", "modules\FileManagement\test\FileManagement.Domain.Tests\FileManagement.Domain.Tests.csproj", "{7A8CCA32-7790-4CF2-87FA-34D3A25BD9FB}"
EndProject
Project("{9A19103F-16F7-4668-BE54-9A1E7A4F7556}") = "FileManagement.Application.Tests", "modules\FileManagement\test\FileManagement.Application.Tests\FileManagement.Application.Tests.csproj", "{E4ADB0ED-71EA-43B7-A45C-45F1702341E6}"
EndProject
Project("{9A19103F-16F7-4668-BE54-9A1E7A4F7556}") = "FileManagement.Installer", "modules\FileManagement\src\FileManagement.Installer\FileManagement.Installer.csproj", "{6D4F5FE7-D847-4672-A944-45B930F7BCFA}"
EndProject
Project("{9A19103F-16F7-4668-BE54-9A1E7A4F7556}") = "FileManagement.HttpApi.Client", "modules\FileManagement\src\FileManagement.HttpApi.Client\FileManagement.HttpApi.Client.csproj", "{07C211AE-FEB5-42B0-9F6C-B211E801E4A4}"
EndProject
Project("{9A19103F-16F7-4668-BE54-9A1E7A4F7556}") = "FileManagement.HttpApi", "modules\FileManagement\src\FileManagement.HttpApi\FileManagement.HttpApi.csproj", "{168E6D7D-CBA2-4F1F-B0A4-7EBE28983D62}"
EndProject
Project("{9A19103F-16F7-4668-BE54-9A1E7A4F7556}") = "FileManagement.EntityFrameworkCore", "modules\FileManagement\src\FileManagement.EntityFrameworkCore\FileManagement.EntityFrameworkCore.csproj", "{A7A5BF54-93B0-48F3-B0D3-C5462780C0A8}"
EndProject
Project("{9A19103F-16F7-4668-BE54-9A1E7A4F7556}") = "FileManagement.Domain.Shared", "modules\FileManagement\src\FileManagement.Domain.Shared\FileManagement.Domain.Shared.csproj", "{E5B8BB54-12B2-490A-AD9F-45004C2CB77E}"
EndProject
Project("{9A19103F-16F7-4668-BE54-9A1E7A4F7556}") = "FileManagement.Domain", "modules\FileManagement\src\FileManagement.Domain\FileManagement.Domain.csproj", "{244B189A-A60C-4110-A51E-7BAE2AF3239D}"
EndProject
Project("{9A19103F-16F7-4668-BE54-9A1E7A4F7556}") = "FileManagement.Blazor.WebAssembly.Bundling", "modules\FileManagement\src\FileManagement.Blazor.WebAssembly.Bundling\FileManagement.Blazor.WebAssembly.Bundling.csproj", "{7C540E9E-F085-4B4C-B64F-9DA4F1233FF5}"
EndProject
Project("{9A19103F-16F7-4668-BE54-9A1E7A4F7556}") = "FileManagement.Application.Contracts", "modules\FileManagement\src\FileManagement.Application.Contracts\FileManagement.Application.Contracts.csproj", "{0BD6E655-DC79-4FAC-830E-043FC4CE5197}"
EndProject
Project("{9A19103F-16F7-4668-BE54-9A1E7A4F7556}") = "FileManagement.Application", "modules\FileManagement\src\FileManagement.Application\FileManagement.Application.csproj", "{3A9C4286-DDD3-40A7-A53F-A321FEA0128D}"
EndProject
Project("{2150E333-8FDC-42A3-9474-1A3956D46DE8}") = "FileManagement.Tests", "FileManagement.Tests", "{9E4E168C-87F4-416F-9279-4F8C79224A30}"
EndProject
Project("{2150E333-8FDC-42A3-9474-1A3956D46DE8}") = "FileManagement", "FileManagement", "{41FED656-D445-40C3-B835-3E38050AED41}"
EndProject
Project("{9A19103F-16F7-4668-BE54-9A1E7A4F7556}") = "AuditLogManagement.TestBase", "modules\AuditLogManagement\test\AuditLogManagement.TestBase\AuditLogManagement.TestBase.csproj", "{2214DED3-AF0C-4ABC-8A77-04D689B0E7A0}"
EndProject
Project("{9A19103F-16F7-4668-BE54-9A1E7A4F7556}") = "AuditLogManagement.HttpApi.Client.ConsoleTestApp", "modules\AuditLogManagement\test\AuditLogManagement.HttpApi.Client.ConsoleTestApp\AuditLogManagement.HttpApi.Client.ConsoleTestApp.csproj", "{BC01190A-A3BD-4281-A3DF-C405C907BA53}"
EndProject
Project("{9A19103F-16F7-4668-BE54-9A1E7A4F7556}") = "AuditLogManagement.EntityFrameworkCore.Tests", "modules\AuditLogManagement\test\AuditLogManagement.EntityFrameworkCore.Tests\AuditLogManagement.EntityFrameworkCore.Tests.csproj", "{38F71EC9-6765-4A25-9B94-5D68214E48EB}"
EndProject
Project("{9A19103F-16F7-4668-BE54-9A1E7A4F7556}") = "AuditLogManagement.Domain.Tests", "modules\AuditLogManagement\test\AuditLogManagement.Domain.Tests\AuditLogManagement.Domain.Tests.csproj", "{E318D413-4AFF-4880-8BE9-4D15DFD86647}"
EndProject
Project("{9A19103F-16F7-4668-BE54-9A1E7A4F7556}") = "AuditLogManagement.Application.Tests", "modules\AuditLogManagement\test\AuditLogManagement.Application.Tests\AuditLogManagement.Application.Tests.csproj", "{7B167144-80D8-4F3C-A20D-AC8894B55E59}"
EndProject
Project("{9A19103F-16F7-4668-BE54-9A1E7A4F7556}") = "AuditLogManagement.Installer", "modules\AuditLogManagement\src\AuditLogManagement.Installer\AuditLogManagement.Installer.csproj", "{5BC95CEB-05AC-4AC1-8F33-3759D00A8FE6}"
EndProject
Project("{9A19103F-16F7-4668-BE54-9A1E7A4F7556}") = "AuditLogManagement.HttpApi.Client", "modules\AuditLogManagement\src\AuditLogManagement.HttpApi.Client\AuditLogManagement.HttpApi.Client.csproj", "{D9960E74-F6AB-454D-BB8A-0236859D29E2}"
EndProject
Project("{9A19103F-16F7-4668-BE54-9A1E7A4F7556}") = "AuditLogManagement.HttpApi", "modules\AuditLogManagement\src\AuditLogManagement.HttpApi\AuditLogManagement.HttpApi.csproj", "{9E263D90-B6E8-4E2F-B07D-BC02681B2216}"
EndProject
Project("{9A19103F-16F7-4668-BE54-9A1E7A4F7556}") = "AuditLogManagement.EntityFrameworkCore", "modules\AuditLogManagement\src\AuditLogManagement.EntityFrameworkCore\AuditLogManagement.EntityFrameworkCore.csproj", "{3A8A9B07-5EF3-4793-8A33-B3D4C10B4D66}"
EndProject
Project("{9A19103F-16F7-4668-BE54-9A1E7A4F7556}") = "AuditLogManagement.Domain.Shared", "modules\AuditLogManagement\src\AuditLogManagement.Domain.Shared\AuditLogManagement.Domain.Shared.csproj", "{8A578B33-554A-44F5-AEA8-FCC69C34BDA1}"
EndProject
Project("{9A19103F-16F7-4668-BE54-9A1E7A4F7556}") = "AuditLogManagement.Domain", "modules\AuditLogManagement\src\AuditLogManagement.Domain\AuditLogManagement.Domain.csproj", "{CCC5C87C-F216-4B6B-A2E9-9E135A13C556}"
EndProject
Project("{9A19103F-16F7-4668-BE54-9A1E7A4F7556}") = "AuditLogManagement.Blazor.WebAssembly.Bundling", "modules\AuditLogManagement\src\AuditLogManagement.Blazor.WebAssembly.Bundling\AuditLogManagement.Blazor.WebAssembly.Bundling.csproj", "{3690962E-19A8-48E6-B39D-1669CA3540D7}"
EndProject
Project("{9A19103F-16F7-4668-BE54-9A1E7A4F7556}") = "AuditLogManagement.Application.Contracts", "modules\AuditLogManagement\src\AuditLogManagement.Application.Contracts\AuditLogManagement.Application.Contracts.csproj", "{2714961D-B2E0-4C6D-BF41-FDA50457FD73}"
EndProject
Project("{9A19103F-16F7-4668-BE54-9A1E7A4F7556}") = "AuditLogManagement.Application", "modules\AuditLogManagement\src\AuditLogManagement.Application\AuditLogManagement.Application.csproj", "{5D17CA13-11BE-4538-8D4E-432A47A9903C}"
EndProject
Project("{2150E333-8FDC-42A3-9474-1A3956D46DE8}") = "AuditLogManagement.Tests", "AuditLogManagement.Tests", "{1FC70EFF-9860-4FCD-A60A-432A4A2924B6}"
EndProject
Project("{2150E333-8FDC-42A3-9474-1A3956D46DE8}") = "AuditLogManagement", "AuditLogManagement", "{BE0C9C2F-EB8B-449F-90DE-316553E34632}"
EndProject
Project("{2150E333-8FDC-42A3-9474-1A3956D46DE8}") = "modules", "modules", "{2532E401-AB45-4798-91C0-754C43E2F943}"
EndProject
Project("{9A19103F-16F7-4668-BE54-9A1E7A4F7556}") = "Vehicle.App.Application", "src\Vehicle.App.Application\Vehicle.App.Application.csproj", "{1A94A50E-06DC-43C1-80B5-B662820EC3EB}"
EndProject
Project("{9A19103F-16F7-4668-BE54-9A1E7A4F7556}") = "Vehicle.App.EntityFrameworkCore", "src\Vehicle.App.EntityFrameworkCore\Vehicle.App.EntityFrameworkCore.csproj", "{C956DD76-69C8-4A9C-83EA-D17DF83340FD}"
EndProject
Project("{2150E333-8FDC-42A3-9474-1A3956D46DE8}") = "src", "src", "{CA9AC87F-097E-4F15-8393-4BC07735A5B0}"
EndProject
Project("{2150E333-8FDC-42A3-9474-1A3956D46DE8}") = "test", "test", "{04DBDB01-70F4-4E06-B468-8F87850B22BE}"
EndProject
Project("{9A19103F-16F7-4668-BE54-9A1E7A4F7556}") = "Vehicle.App.Application.Tests", "test\Vehicle.App.Application.Tests\Vehicle.App.Application.Tests.csproj", "{50B2631D-129C-47B3-A587-029CCD6099BC}"
EndProject
Project("{9A19103F-16F7-4668-BE54-9A1E7A4F7556}") = "Vehicle.App.Domain.Shared", "src\Vehicle.App.Domain.Shared\Vehicle.App.Domain.Shared.csproj", "{42F719ED-8413-4895-B5B4-5AB56079BC66}"
EndProject
Project("{9A19103F-16F7-4668-BE54-9A1E7A4F7556}") = "Vehicle.App.Application.Contracts", "src\Vehicle.App.Application.Contracts\Vehicle.App.Application.Contracts.csproj", "{520659C8-C734-4298-A3DA-B539DB9DFC0B}"
EndProject
Project("{9A19103F-16F7-4668-BE54-9A1E7A4F7556}") = "Vehicle.App.HttpApi", "src\Vehicle.App.HttpApi\Vehicle.App.HttpApi.csproj", "{4164BDF7-F527-4E85-9CE6-E3C2D7426A27}"
EndProject
Project("{9A19103F-16F7-4668-BE54-9A1E7A4F7556}") = "Vehicle.App.HttpApi.Client", "src\Vehicle.App.HttpApi.Client\Vehicle.App.HttpApi.Client.csproj", "{3B5A0094-670D-4BB1-BFDD-61B88A8773DC}"
EndProject
Project("{9A19103F-16F7-4668-BE54-9A1E7A4F7556}") = "Vehicle.App.EntityFrameworkCore.Tests", "test\Vehicle.App.EntityFrameworkCore.Tests\Vehicle.App.EntityFrameworkCore.Tests.csproj", "{1FE30EB9-74A9-47F5-A9F6-7B1FAB672D81}"
EndProject
Project("{9A19103F-16F7-4668-BE54-9A1E7A4F7556}") = "Vehicle.App.TestBase", "test\Vehicle.App.TestBase\Vehicle.App.TestBase.csproj", "{91853F21-9CD9-4132-BC29-A7D5D84FFFE7}"
EndProject
Project("{9A19103F-16F7-4668-BE54-9A1E7A4F7556}") = "Vehicle.App.Domain.Tests", "test\Vehicle.App.Domain.Tests\Vehicle.App.Domain.Tests.csproj", "{E512F4D9-9375-480F-A2F6-A46509F9D824}"
EndProject
Project("{9A19103F-16F7-4668-BE54-9A1E7A4F7556}") = "Vehicle.App.HttpApi.Client.ConsoleTestApp", "test\Vehicle.App.HttpApi.Client.ConsoleTestApp\Vehicle.App.HttpApi.Client.ConsoleTestApp.csproj", "{EF480016-9127-4916-8735-D2466BDBC582}"
EndProject
Project("{9A19103F-16F7-4668-BE54-9A1E7A4F7556}") = "Vehicle.App.DbMigrator", "src\Vehicle.App.DbMigrator\Vehicle.App.DbMigrator.csproj", "{70680696-BB1E-4383-BCB2-42C3767171FB}"
EndProject
Project("{9A19103F-16F7-4668-BE54-9A1E7A4F7556}") = "Vehicle.App.HttpApi.Host", "src\Vehicle.App.HttpApi.Host\Vehicle.App.HttpApi.Host.csproj", "{96E5259E-59A3-4FAF-BCD1-5BF8E74EF82C}"
EndProject
Project("{2150E333-8FDC-42A3-9474-1A3956D46DE8}") = "framework", "framework", "{02EA681E-C7D8-13C7-8484-4AC65E1B71E8}"
EndProject
Project("{FAE04EC0-301F-11D3-BF4B-00C04F79EFBC}") = "Vehicle.Core", "framework\Vehicle.Core\Vehicle.Core.csproj", "{19AFD1F0-BC1F-4828-A14A-FE4A49EED45C}"
EndProject
Project("{FAE04EC0-301F-11D3-BF4B-00C04F79EFBC}") = "Vehicle.Cache.Redis", "framework\Vehicle.Cache.Redis\Vehicle.Cache.Redis.csproj", "{1ECF6C57-1262-4C41-842A-64EF55F47CA6}"
EndProject
Global
	GlobalSection(SolutionConfigurationPlatforms) = preSolution
		Debug|Any CPU = Debug|Any CPU
		Release|Any CPU = Release|Any CPU
	EndGlobalSection
	GlobalSection(ProjectConfigurationPlatforms) = postSolution
		{554AD327-6DBA-4F8F-96F8-81CE7A0C863F}.Debug|Any CPU.ActiveCfg = Debug|Any CPU
		{554AD327-6DBA-4F8F-96F8-81CE7A0C863F}.Debug|Any CPU.Build.0 = Debug|Any CPU
		{554AD327-6DBA-4F8F-96F8-81CE7A0C863F}.Release|Any CPU.ActiveCfg = Release|Any CPU
		{554AD327-6DBA-4F8F-96F8-81CE7A0C863F}.Release|Any CPU.Build.0 = Release|Any CPU
		{94BF4431-C4CA-4D21-912C-4477FFC1B619}.Debug|Any CPU.ActiveCfg = Debug|Any CPU
		{94BF4431-C4CA-4D21-912C-4477FFC1B619}.Debug|Any CPU.Build.0 = Debug|Any CPU
		{94BF4431-C4CA-4D21-912C-4477FFC1B619}.Release|Any CPU.ActiveCfg = Release|Any CPU
		{94BF4431-C4CA-4D21-912C-4477FFC1B619}.Release|Any CPU.Build.0 = Release|Any CPU
		{C462EBEF-5726-49A4-B16F-8590684CFAEA}.Debug|Any CPU.ActiveCfg = Debug|Any CPU
		{C462EBEF-5726-49A4-B16F-8590684CFAEA}.Debug|Any CPU.Build.0 = Debug|Any CPU
		{C462EBEF-5726-49A4-B16F-8590684CFAEA}.Release|Any CPU.ActiveCfg = Release|Any CPU
		{C462EBEF-5726-49A4-B16F-8590684CFAEA}.Release|Any CPU.Build.0 = Release|Any CPU
		{84C4C7E2-6AD4-44CC-8E8B-F2D86ABB81E3}.Debug|Any CPU.ActiveCfg = Debug|Any CPU
		{84C4C7E2-6AD4-44CC-8E8B-F2D86ABB81E3}.Debug|Any CPU.Build.0 = Debug|Any CPU
		{84C4C7E2-6AD4-44CC-8E8B-F2D86ABB81E3}.Release|Any CPU.ActiveCfg = Release|Any CPU
		{84C4C7E2-6AD4-44CC-8E8B-F2D86ABB81E3}.Release|Any CPU.Build.0 = Release|Any CPU
		{7A8CCA32-7790-4CF2-87FA-34D3A25BD9FB}.Debug|Any CPU.ActiveCfg = Debug|Any CPU
		{7A8CCA32-7790-4CF2-87FA-34D3A25BD9FB}.Debug|Any CPU.Build.0 = Debug|Any CPU
		{7A8CCA32-7790-4CF2-87FA-34D3A25BD9FB}.Release|Any CPU.ActiveCfg = Release|Any CPU
		{7A8CCA32-7790-4CF2-87FA-34D3A25BD9FB}.Release|Any CPU.Build.0 = Release|Any CPU
		{E4ADB0ED-71EA-43B7-A45C-45F1702341E6}.Debug|Any CPU.ActiveCfg = Debug|Any CPU
		{E4ADB0ED-71EA-43B7-A45C-45F1702341E6}.Debug|Any CPU.Build.0 = Debug|Any CPU
		{E4ADB0ED-71EA-43B7-A45C-45F1702341E6}.Release|Any CPU.ActiveCfg = Release|Any CPU
		{E4ADB0ED-71EA-43B7-A45C-45F1702341E6}.Release|Any CPU.Build.0 = Release|Any CPU
		{6D4F5FE7-D847-4672-A944-45B930F7BCFA}.Debug|Any CPU.ActiveCfg = Debug|Any CPU
		{6D4F5FE7-D847-4672-A944-45B930F7BCFA}.Debug|Any CPU.Build.0 = Debug|Any CPU
		{6D4F5FE7-D847-4672-A944-45B930F7BCFA}.Release|Any CPU.ActiveCfg = Release|Any CPU
		{6D4F5FE7-D847-4672-A944-45B930F7BCFA}.Release|Any CPU.Build.0 = Release|Any CPU
		{07C211AE-FEB5-42B0-9F6C-B211E801E4A4}.Debug|Any CPU.ActiveCfg = Debug|Any CPU
		{07C211AE-FEB5-42B0-9F6C-B211E801E4A4}.Debug|Any CPU.Build.0 = Debug|Any CPU
		{07C211AE-FEB5-42B0-9F6C-B211E801E4A4}.Release|Any CPU.ActiveCfg = Release|Any CPU
		{07C211AE-FEB5-42B0-9F6C-B211E801E4A4}.Release|Any CPU.Build.0 = Release|Any CPU
		{168E6D7D-CBA2-4F1F-B0A4-7EBE28983D62}.Debug|Any CPU.ActiveCfg = Debug|Any CPU
		{168E6D7D-CBA2-4F1F-B0A4-7EBE28983D62}.Debug|Any CPU.Build.0 = Debug|Any CPU
		{168E6D7D-CBA2-4F1F-B0A4-7EBE28983D62}.Release|Any CPU.ActiveCfg = Release|Any CPU
		{168E6D7D-CBA2-4F1F-B0A4-7EBE28983D62}.Release|Any CPU.Build.0 = Release|Any CPU
		{A7A5BF54-93B0-48F3-B0D3-C5462780C0A8}.Debug|Any CPU.ActiveCfg = Debug|Any CPU
		{A7A5BF54-93B0-48F3-B0D3-C5462780C0A8}.Debug|Any CPU.Build.0 = Debug|Any CPU
		{A7A5BF54-93B0-48F3-B0D3-C5462780C0A8}.Release|Any CPU.ActiveCfg = Release|Any CPU
		{A7A5BF54-93B0-48F3-B0D3-C5462780C0A8}.Release|Any CPU.Build.0 = Release|Any CPU
		{E5B8BB54-12B2-490A-AD9F-45004C2CB77E}.Debug|Any CPU.ActiveCfg = Debug|Any CPU
		{E5B8BB54-12B2-490A-AD9F-45004C2CB77E}.Debug|Any CPU.Build.0 = Debug|Any CPU
		{E5B8BB54-12B2-490A-AD9F-45004C2CB77E}.Release|Any CPU.ActiveCfg = Release|Any CPU
		{E5B8BB54-12B2-490A-AD9F-45004C2CB77E}.Release|Any CPU.Build.0 = Release|Any CPU
		{244B189A-A60C-4110-A51E-7BAE2AF3239D}.Debug|Any CPU.ActiveCfg = Debug|Any CPU
		{244B189A-A60C-4110-A51E-7BAE2AF3239D}.Debug|Any CPU.Build.0 = Debug|Any CPU
		{244B189A-A60C-4110-A51E-7BAE2AF3239D}.Release|Any CPU.ActiveCfg = Release|Any CPU
		{244B189A-A60C-4110-A51E-7BAE2AF3239D}.Release|Any CPU.Build.0 = Release|Any CPU
		{7C540E9E-F085-4B4C-B64F-9DA4F1233FF5}.Debug|Any CPU.ActiveCfg = Debug|Any CPU
		{7C540E9E-F085-4B4C-B64F-9DA4F1233FF5}.Debug|Any CPU.Build.0 = Debug|Any CPU
		{7C540E9E-F085-4B4C-B64F-9DA4F1233FF5}.Release|Any CPU.ActiveCfg = Release|Any CPU
		{7C540E9E-F085-4B4C-B64F-9DA4F1233FF5}.Release|Any CPU.Build.0 = Release|Any CPU
		{0BD6E655-DC79-4FAC-830E-043FC4CE5197}.Debug|Any CPU.ActiveCfg = Debug|Any CPU
		{0BD6E655-DC79-4FAC-830E-043FC4CE5197}.Debug|Any CPU.Build.0 = Debug|Any CPU
		{0BD6E655-DC79-4FAC-830E-043FC4CE5197}.Release|Any CPU.ActiveCfg = Release|Any CPU
		{0BD6E655-DC79-4FAC-830E-043FC4CE5197}.Release|Any CPU.Build.0 = Release|Any CPU
		{3A9C4286-DDD3-40A7-A53F-A321FEA0128D}.Debug|Any CPU.ActiveCfg = Debug|Any CPU
		{3A9C4286-DDD3-40A7-A53F-A321FEA0128D}.Debug|Any CPU.Build.0 = Debug|Any CPU
		{3A9C4286-DDD3-40A7-A53F-A321FEA0128D}.Release|Any CPU.ActiveCfg = Release|Any CPU
		{3A9C4286-DDD3-40A7-A53F-A321FEA0128D}.Release|Any CPU.Build.0 = Release|Any CPU
		{2214DED3-AF0C-4ABC-8A77-04D689B0E7A0}.Debug|Any CPU.ActiveCfg = Debug|Any CPU
		{2214DED3-AF0C-4ABC-8A77-04D689B0E7A0}.Debug|Any CPU.Build.0 = Debug|Any CPU
		{2214DED3-AF0C-4ABC-8A77-04D689B0E7A0}.Release|Any CPU.ActiveCfg = Release|Any CPU
		{2214DED3-AF0C-4ABC-8A77-04D689B0E7A0}.Release|Any CPU.Build.0 = Release|Any CPU
		{BC01190A-A3BD-4281-A3DF-C405C907BA53}.Debug|Any CPU.ActiveCfg = Debug|Any CPU
		{BC01190A-A3BD-4281-A3DF-C405C907BA53}.Debug|Any CPU.Build.0 = Debug|Any CPU
		{BC01190A-A3BD-4281-A3DF-C405C907BA53}.Release|Any CPU.ActiveCfg = Release|Any CPU
		{BC01190A-A3BD-4281-A3DF-C405C907BA53}.Release|Any CPU.Build.0 = Release|Any CPU
		{38F71EC9-6765-4A25-9B94-5D68214E48EB}.Debug|Any CPU.ActiveCfg = Debug|Any CPU
		{38F71EC9-6765-4A25-9B94-5D68214E48EB}.Debug|Any CPU.Build.0 = Debug|Any CPU
		{38F71EC9-6765-4A25-9B94-5D68214E48EB}.Release|Any CPU.ActiveCfg = Release|Any CPU
		{38F71EC9-6765-4A25-9B94-5D68214E48EB}.Release|Any CPU.Build.0 = Release|Any CPU
		{E318D413-4AFF-4880-8BE9-4D15DFD86647}.Debug|Any CPU.ActiveCfg = Debug|Any CPU
		{E318D413-4AFF-4880-8BE9-4D15DFD86647}.Debug|Any CPU.Build.0 = Debug|Any CPU
		{E318D413-4AFF-4880-8BE9-4D15DFD86647}.Release|Any CPU.ActiveCfg = Release|Any CPU
		{E318D413-4AFF-4880-8BE9-4D15DFD86647}.Release|Any CPU.Build.0 = Release|Any CPU
		{7B167144-80D8-4F3C-A20D-AC8894B55E59}.Debug|Any CPU.ActiveCfg = Debug|Any CPU
		{7B167144-80D8-4F3C-A20D-AC8894B55E59}.Debug|Any CPU.Build.0 = Debug|Any CPU
		{7B167144-80D8-4F3C-A20D-AC8894B55E59}.Release|Any CPU.ActiveCfg = Release|Any CPU
		{7B167144-80D8-4F3C-A20D-AC8894B55E59}.Release|Any CPU.Build.0 = Release|Any CPU
		{5BC95CEB-05AC-4AC1-8F33-3759D00A8FE6}.Debug|Any CPU.ActiveCfg = Debug|Any CPU
		{5BC95CEB-05AC-4AC1-8F33-3759D00A8FE6}.Debug|Any CPU.Build.0 = Debug|Any CPU
		{5BC95CEB-05AC-4AC1-8F33-3759D00A8FE6}.Release|Any CPU.ActiveCfg = Release|Any CPU
		{5BC95CEB-05AC-4AC1-8F33-3759D00A8FE6}.Release|Any CPU.Build.0 = Release|Any CPU
		{D9960E74-F6AB-454D-BB8A-0236859D29E2}.Debug|Any CPU.ActiveCfg = Debug|Any CPU
		{D9960E74-F6AB-454D-BB8A-0236859D29E2}.Debug|Any CPU.Build.0 = Debug|Any CPU
		{D9960E74-F6AB-454D-BB8A-0236859D29E2}.Release|Any CPU.ActiveCfg = Release|Any CPU
		{D9960E74-F6AB-454D-BB8A-0236859D29E2}.Release|Any CPU.Build.0 = Release|Any CPU
		{9E263D90-B6E8-4E2F-B07D-BC02681B2216}.Debug|Any CPU.ActiveCfg = Debug|Any CPU
		{9E263D90-B6E8-4E2F-B07D-BC02681B2216}.Debug|Any CPU.Build.0 = Debug|Any CPU
		{9E263D90-B6E8-4E2F-B07D-BC02681B2216}.Release|Any CPU.ActiveCfg = Release|Any CPU
		{9E263D90-B6E8-4E2F-B07D-BC02681B2216}.Release|Any CPU.Build.0 = Release|Any CPU
		{3A8A9B07-5EF3-4793-8A33-B3D4C10B4D66}.Debug|Any CPU.ActiveCfg = Debug|Any CPU
		{3A8A9B07-5EF3-4793-8A33-B3D4C10B4D66}.Debug|Any CPU.Build.0 = Debug|Any CPU
		{3A8A9B07-5EF3-4793-8A33-B3D4C10B4D66}.Release|Any CPU.ActiveCfg = Release|Any CPU
		{3A8A9B07-5EF3-4793-8A33-B3D4C10B4D66}.Release|Any CPU.Build.0 = Release|Any CPU
		{8A578B33-554A-44F5-AEA8-FCC69C34BDA1}.Debug|Any CPU.ActiveCfg = Debug|Any CPU
		{8A578B33-554A-44F5-AEA8-FCC69C34BDA1}.Debug|Any CPU.Build.0 = Debug|Any CPU
		{8A578B33-554A-44F5-AEA8-FCC69C34BDA1}.Release|Any CPU.ActiveCfg = Release|Any CPU
		{8A578B33-554A-44F5-AEA8-FCC69C34BDA1}.Release|Any CPU.Build.0 = Release|Any CPU
		{CCC5C87C-F216-4B6B-A2E9-9E135A13C556}.Debug|Any CPU.ActiveCfg = Debug|Any CPU
		{CCC5C87C-F216-4B6B-A2E9-9E135A13C556}.Debug|Any CPU.Build.0 = Debug|Any CPU
		{CCC5C87C-F216-4B6B-A2E9-9E135A13C556}.Release|Any CPU.ActiveCfg = Release|Any CPU
		{CCC5C87C-F216-4B6B-A2E9-9E135A13C556}.Release|Any CPU.Build.0 = Release|Any CPU
		{3690962E-19A8-48E6-B39D-1669CA3540D7}.Debug|Any CPU.ActiveCfg = Debug|Any CPU
		{3690962E-19A8-48E6-B39D-1669CA3540D7}.Debug|Any CPU.Build.0 = Debug|Any CPU
		{3690962E-19A8-48E6-B39D-1669CA3540D7}.Release|Any CPU.ActiveCfg = Release|Any CPU
		{3690962E-19A8-48E6-B39D-1669CA3540D7}.Release|Any CPU.Build.0 = Release|Any CPU
		{2714961D-B2E0-4C6D-BF41-FDA50457FD73}.Debug|Any CPU.ActiveCfg = Debug|Any CPU
		{2714961D-B2E0-4C6D-BF41-FDA50457FD73}.Debug|Any CPU.Build.0 = Debug|Any CPU
		{2714961D-B2E0-4C6D-BF41-FDA50457FD73}.Release|Any CPU.ActiveCfg = Release|Any CPU
		{2714961D-B2E0-4C6D-BF41-FDA50457FD73}.Release|Any CPU.Build.0 = Release|Any CPU
		{5D17CA13-11BE-4538-8D4E-432A47A9903C}.Debug|Any CPU.ActiveCfg = Debug|Any CPU
		{5D17CA13-11BE-4538-8D4E-432A47A9903C}.Debug|Any CPU.Build.0 = Debug|Any CPU
		{5D17CA13-11BE-4538-8D4E-432A47A9903C}.Release|Any CPU.ActiveCfg = Release|Any CPU
		{5D17CA13-11BE-4538-8D4E-432A47A9903C}.Release|Any CPU.Build.0 = Release|Any CPU
		{1A94A50E-06DC-43C1-80B5-B662820EC3EB}.Debug|Any CPU.ActiveCfg = Debug|Any CPU
		{1A94A50E-06DC-43C1-80B5-B662820EC3EB}.Debug|Any CPU.Build.0 = Debug|Any CPU
		{1A94A50E-06DC-43C1-80B5-B662820EC3EB}.Release|Any CPU.ActiveCfg = Release|Any CPU
		{1A94A50E-06DC-43C1-80B5-B662820EC3EB}.Release|Any CPU.Build.0 = Release|Any CPU
		{C956DD76-69C8-4A9C-83EA-D17DF83340FD}.Debug|Any CPU.ActiveCfg = Debug|Any CPU
		{C956DD76-69C8-4A9C-83EA-D17DF83340FD}.Debug|Any CPU.Build.0 = Debug|Any CPU
		{C956DD76-69C8-4A9C-83EA-D17DF83340FD}.Release|Any CPU.ActiveCfg = Release|Any CPU
		{C956DD76-69C8-4A9C-83EA-D17DF83340FD}.Release|Any CPU.Build.0 = Release|Any CPU
		{50B2631D-129C-47B3-A587-029CCD6099BC}.Debug|Any CPU.ActiveCfg = Debug|Any CPU
		{50B2631D-129C-47B3-A587-029CCD6099BC}.Debug|Any CPU.Build.0 = Debug|Any CPU
		{50B2631D-129C-47B3-A587-029CCD6099BC}.Release|Any CPU.ActiveCfg = Release|Any CPU
		{50B2631D-129C-47B3-A587-029CCD6099BC}.Release|Any CPU.Build.0 = Release|Any CPU
		{42F719ED-8413-4895-B5B4-5AB56079BC66}.Debug|Any CPU.ActiveCfg = Debug|Any CPU
		{42F719ED-8413-4895-B5B4-5AB56079BC66}.Debug|Any CPU.Build.0 = Debug|Any CPU
		{42F719ED-8413-4895-B5B4-5AB56079BC66}.Release|Any CPU.ActiveCfg = Release|Any CPU
		{42F719ED-8413-4895-B5B4-5AB56079BC66}.Release|Any CPU.Build.0 = Release|Any CPU
		{520659C8-C734-4298-A3DA-B539DB9DFC0B}.Debug|Any CPU.ActiveCfg = Debug|Any CPU
		{520659C8-C734-4298-A3DA-B539DB9DFC0B}.Debug|Any CPU.Build.0 = Debug|Any CPU
		{520659C8-C734-4298-A3DA-B539DB9DFC0B}.Release|Any CPU.ActiveCfg = Release|Any CPU
		{520659C8-C734-4298-A3DA-B539DB9DFC0B}.Release|Any CPU.Build.0 = Release|Any CPU
		{4164BDF7-F527-4E85-9CE6-E3C2D7426A27}.Debug|Any CPU.ActiveCfg = Debug|Any CPU
		{4164BDF7-F527-4E85-9CE6-E3C2D7426A27}.Debug|Any CPU.Build.0 = Debug|Any CPU
		{4164BDF7-F527-4E85-9CE6-E3C2D7426A27}.Release|Any CPU.ActiveCfg = Release|Any CPU
		{4164BDF7-F527-4E85-9CE6-E3C2D7426A27}.Release|Any CPU.Build.0 = Release|Any CPU
		{3B5A0094-670D-4BB1-BFDD-61B88A8773DC}.Debug|Any CPU.ActiveCfg = Debug|Any CPU
		{3B5A0094-670D-4BB1-BFDD-61B88A8773DC}.Debug|Any CPU.Build.0 = Debug|Any CPU
		{3B5A0094-670D-4BB1-BFDD-61B88A8773DC}.Release|Any CPU.ActiveCfg = Release|Any CPU
		{3B5A0094-670D-4BB1-BFDD-61B88A8773DC}.Release|Any CPU.Build.0 = Release|Any CPU
		{1FE30EB9-74A9-47F5-A9F6-7B1FAB672D81}.Debug|Any CPU.ActiveCfg = Debug|Any CPU
		{1FE30EB9-74A9-47F5-A9F6-7B1FAB672D81}.Debug|Any CPU.Build.0 = Debug|Any CPU
		{1FE30EB9-74A9-47F5-A9F6-7B1FAB672D81}.Release|Any CPU.ActiveCfg = Release|Any CPU
		{1FE30EB9-74A9-47F5-A9F6-7B1FAB672D81}.Release|Any CPU.Build.0 = Release|Any CPU
		{91853F21-9CD9-4132-BC29-A7D5D84FFFE7}.Debug|Any CPU.ActiveCfg = Debug|Any CPU
		{91853F21-9CD9-4132-BC29-A7D5D84FFFE7}.Debug|Any CPU.Build.0 = Debug|Any CPU
		{91853F21-9CD9-4132-BC29-A7D5D84FFFE7}.Release|Any CPU.ActiveCfg = Release|Any CPU
		{91853F21-9CD9-4132-BC29-A7D5D84FFFE7}.Release|Any CPU.Build.0 = Release|Any CPU
		{E512F4D9-9375-480F-A2F6-A46509F9D824}.Debug|Any CPU.ActiveCfg = Debug|Any CPU
		{E512F4D9-9375-480F-A2F6-A46509F9D824}.Debug|Any CPU.Build.0 = Debug|Any CPU
		{E512F4D9-9375-480F-A2F6-A46509F9D824}.Release|Any CPU.ActiveCfg = Release|Any CPU
		{E512F4D9-9375-480F-A2F6-A46509F9D824}.Release|Any CPU.Build.0 = Release|Any CPU
		{EF480016-9127-4916-8735-D2466BDBC582}.Debug|Any CPU.ActiveCfg = Debug|Any CPU
		{EF480016-9127-4916-8735-D2466BDBC582}.Debug|Any CPU.Build.0 = Debug|Any CPU
		{EF480016-9127-4916-8735-D2466BDBC582}.Release|Any CPU.ActiveCfg = Release|Any CPU
		{EF480016-9127-4916-8735-D2466BDBC582}.Release|Any CPU.Build.0 = Release|Any CPU
		{70680696-BB1E-4383-BCB2-42C3767171FB}.Debug|Any CPU.ActiveCfg = Debug|Any CPU
		{70680696-BB1E-4383-BCB2-42C3767171FB}.Debug|Any CPU.Build.0 = Debug|Any CPU
		{70680696-BB1E-4383-BCB2-42C3767171FB}.Release|Any CPU.ActiveCfg = Release|Any CPU
		{70680696-BB1E-4383-BCB2-42C3767171FB}.Release|Any CPU.Build.0 = Release|Any CPU
		{96E5259E-59A3-4FAF-BCD1-5BF8E74EF82C}.Debug|Any CPU.ActiveCfg = Debug|Any CPU
		{96E5259E-59A3-4FAF-BCD1-5BF8E74EF82C}.Debug|Any CPU.Build.0 = Debug|Any CPU
		{96E5259E-59A3-4FAF-BCD1-5BF8E74EF82C}.Release|Any CPU.ActiveCfg = Release|Any CPU
		{96E5259E-59A3-4FAF-BCD1-5BF8E74EF82C}.Release|Any CPU.Build.0 = Release|Any CPU
		{19AFD1F0-BC1F-4828-A14A-FE4A49EED45C}.Debug|Any CPU.ActiveCfg = Debug|Any CPU
		{19AFD1F0-BC1F-4828-A14A-FE4A49EED45C}.Debug|Any CPU.Build.0 = Debug|Any CPU
		{19AFD1F0-BC1F-4828-A14A-FE4A49EED45C}.Release|Any CPU.ActiveCfg = Release|Any CPU
		{19AFD1F0-BC1F-4828-A14A-FE4A49EED45C}.Release|Any CPU.Build.0 = Release|Any CPU
		{1ECF6C57-1262-4C41-842A-64EF55F47CA6}.Debug|Any CPU.ActiveCfg = Debug|Any CPU
		{1ECF6C57-1262-4C41-842A-64EF55F47CA6}.Debug|Any CPU.Build.0 = Debug|Any CPU
		{1ECF6C57-1262-4C41-842A-64EF55F47CA6}.Release|Any CPU.ActiveCfg = Release|Any CPU
		{1ECF6C57-1262-4C41-842A-64EF55F47CA6}.Release|Any CPU.Build.0 = Release|Any CPU
	EndGlobalSection
	GlobalSection(SolutionProperties) = preSolution
		HideSolutionNode = FALSE
	EndGlobalSection
	GlobalSection(NestedProjects) = preSolution
		{554AD327-6DBA-4F8F-96F8-81CE7A0C863F} = {CA9AC87F-097E-4F15-8393-4BC07735A5B0}
		{94BF4431-C4CA-4D21-912C-4477FFC1B619} = {9E4E168C-87F4-416F-9279-4F8C79224A30}
		{C462EBEF-5726-49A4-B16F-8590684CFAEA} = {9E4E168C-87F4-416F-9279-4F8C79224A30}
		{84C4C7E2-6AD4-44CC-8E8B-F2D86ABB81E3} = {9E4E168C-87F4-416F-9279-4F8C79224A30}
		{7A8CCA32-7790-4CF2-87FA-34D3A25BD9FB} = {9E4E168C-87F4-416F-9279-4F8C79224A30}
		{E4ADB0ED-71EA-43B7-A45C-45F1702341E6} = {9E4E168C-87F4-416F-9279-4F8C79224A30}
		{6D4F5FE7-D847-4672-A944-45B930F7BCFA} = {41FED656-D445-40C3-B835-3E38050AED41}
		{07C211AE-FEB5-42B0-9F6C-B211E801E4A4} = {41FED656-D445-40C3-B835-3E38050AED41}
		{168E6D7D-CBA2-4F1F-B0A4-7EBE28983D62} = {41FED656-D445-40C3-B835-3E38050AED41}
		{A7A5BF54-93B0-48F3-B0D3-C5462780C0A8} = {41FED656-D445-40C3-B835-3E38050AED41}
		{E5B8BB54-12B2-490A-AD9F-45004C2CB77E} = {41FED656-D445-40C3-B835-3E38050AED41}
		{244B189A-A60C-4110-A51E-7BAE2AF3239D} = {41FED656-D445-40C3-B835-3E38050AED41}
		{7C540E9E-F085-4B4C-B64F-9DA4F1233FF5} = {41FED656-D445-40C3-B835-3E38050AED41}
		{0BD6E655-DC79-4FAC-830E-043FC4CE5197} = {41FED656-D445-40C3-B835-3E38050AED41}
		{3A9C4286-DDD3-40A7-A53F-A321FEA0128D} = {41FED656-D445-40C3-B835-3E38050AED41}
		{9E4E168C-87F4-416F-9279-4F8C79224A30} = {04DBDB01-70F4-4E06-B468-8F87850B22BE}
		{41FED656-D445-40C3-B835-3E38050AED41} = {2532E401-AB45-4798-91C0-754C43E2F943}
		{2214DED3-AF0C-4ABC-8A77-04D689B0E7A0} = {1FC70EFF-9860-4FCD-A60A-432A4A2924B6}
		{BC01190A-A3BD-4281-A3DF-C405C907BA53} = {1FC70EFF-9860-4FCD-A60A-432A4A2924B6}
		{38F71EC9-6765-4A25-9B94-5D68214E48EB} = {1FC70EFF-9860-4FCD-A60A-432A4A2924B6}
		{E318D413-4AFF-4880-8BE9-4D15DFD86647} = {1FC70EFF-9860-4FCD-A60A-432A4A2924B6}
		{7B167144-80D8-4F3C-A20D-AC8894B55E59} = {1FC70EFF-9860-4FCD-A60A-432A4A2924B6}
		{5BC95CEB-05AC-4AC1-8F33-3759D00A8FE6} = {BE0C9C2F-EB8B-449F-90DE-316553E34632}
		{D9960E74-F6AB-454D-BB8A-0236859D29E2} = {BE0C9C2F-EB8B-449F-90DE-316553E34632}
		{9E263D90-B6E8-4E2F-B07D-BC02681B2216} = {BE0C9C2F-EB8B-449F-90DE-316553E34632}
		{3A8A9B07-5EF3-4793-8A33-B3D4C10B4D66} = {BE0C9C2F-EB8B-449F-90DE-316553E34632}
		{8A578B33-554A-44F5-AEA8-FCC69C34BDA1} = {BE0C9C2F-EB8B-449F-90DE-316553E34632}
		{CCC5C87C-F216-4B6B-A2E9-9E135A13C556} = {BE0C9C2F-EB8B-449F-90DE-316553E34632}
		{3690962E-19A8-48E6-B39D-1669CA3540D7} = {BE0C9C2F-EB8B-449F-90DE-316553E34632}
		{2714961D-B2E0-4C6D-BF41-FDA50457FD73} = {BE0C9C2F-EB8B-449F-90DE-316553E34632}
		{5D17CA13-11BE-4538-8D4E-432A47A9903C} = {BE0C9C2F-EB8B-449F-90DE-316553E34632}
		{1FC70EFF-9860-4FCD-A60A-432A4A2924B6} = {04DBDB01-70F4-4E06-B468-8F87850B22BE}
		{BE0C9C2F-EB8B-449F-90DE-316553E34632} = {2532E401-AB45-4798-91C0-754C43E2F943}
		{1A94A50E-06DC-43C1-80B5-B662820EC3EB} = {CA9AC87F-097E-4F15-8393-4BC07735A5B0}
		{C956DD76-69C8-4A9C-83EA-D17DF83340FD} = {CA9AC87F-097E-4F15-8393-4BC07735A5B0}
		{50B2631D-129C-47B3-A587-029CCD6099BC} = {04DBDB01-70F4-4E06-B468-8F87850B22BE}
		{42F719ED-8413-4895-B5B4-5AB56079BC66} = {CA9AC87F-097E-4F15-8393-4BC07735A5B0}
		{520659C8-C734-4298-A3DA-B539DB9DFC0B} = {CA9AC87F-097E-4F15-8393-4BC07735A5B0}
		{4164BDF7-F527-4E85-9CE6-E3C2D7426A27} = {CA9AC87F-097E-4F15-8393-4BC07735A5B0}
		{3B5A0094-670D-4BB1-BFDD-61B88A8773DC} = {CA9AC87F-097E-4F15-8393-4BC07735A5B0}
		{1FE30EB9-74A9-47F5-A9F6-7B1FAB672D81} = {04DBDB01-70F4-4E06-B468-8F87850B22BE}
		{91853F21-9CD9-4132-BC29-A7D5D84FFFE7} = {04DBDB01-70F4-4E06-B468-8F87850B22BE}
		{E512F4D9-9375-480F-A2F6-A46509F9D824} = {04DBDB01-70F4-4E06-B468-8F87850B22BE}
		{EF480016-9127-4916-8735-D2466BDBC582} = {04DBDB01-70F4-4E06-B468-8F87850B22BE}
		{70680696-BB1E-4383-BCB2-42C3767171FB} = {CA9AC87F-097E-4F15-8393-4BC07735A5B0}
		{96E5259E-59A3-4FAF-BCD1-5BF8E74EF82C} = {CA9AC87F-097E-4F15-8393-4BC07735A5B0}
		{19AFD1F0-BC1F-4828-A14A-FE4A49EED45C} = {02EA681E-C7D8-13C7-8484-4AC65E1B71E8}
		{1ECF6C57-1262-4C41-842A-64EF55F47CA6} = {02EA681E-C7D8-13C7-8484-4AC65E1B71E8}
	EndGlobalSection
	GlobalSection(ExtensibilityGlobals) = postSolution
		SolutionGuid = {28315BFD-90E7-4E14-A2EA-F3D23AF4126F}
	EndGlobalSection
EndGlobal
